
Microsoft Visual Studio Solution File, Format Version 12.00
# Visual Studio 14
VisualStudioVersion = 14.0.25420.1
MinimumVisualStudioVersion = 10.0.40219.1
Project("{FAE04EC0-301F-11D3-BF4B-00C04F79EFBC}") = "CameraAndLocation", "CameraAndLocation\CameraAndLocation\CameraAndLocation.csproj", "{9973B1C4-C20F-4DE0-B571-68B3B4D31968}"
EndProject
Project("{FAE04EC0-301F-11D3-BF4B-00C04F79EFBC}") = "CameraAndLocation.Droid", "CameraAndLocation\CameraAndLocation.Droid\CameraAndLocation.Droid.csproj", "{2254F195-0E18-4257-BE1D-BB0D9E4D091D}"
EndProject
Project("{FAE04EC0-301F-11D3-BF4B-00C04F79EFBC}") = "CameraAndLocation.iOS", "CameraAndLocation\CameraAndLocation.iOS\CameraAndLocation.iOS.csproj", "{4E3D7DBD-E2E6-4A2F-B6C7-02ED2EBEA389}"
EndProject
Project("{FAE04EC0-301F-11D3-BF4B-00C04F79EFBC}") = "CameraAndLocation.UWP", "CameraAndLocation\CameraAndLocation.UWP\CameraAndLocation.UWP.csproj", "{1F9B0D4A-A87C-48CB-85A2-6752029EDDA7}"
EndProject
Global
	GlobalSection(SolutionConfigurationPlatforms) = preSolution
		Ad-Hoc|Any CPU = Ad-Hoc|Any CPU
		Ad-Hoc|ARM = Ad-Hoc|ARM
		Ad-Hoc|iPhone = Ad-Hoc|iPhone
		Ad-Hoc|iPhoneSimulator = Ad-Hoc|iPhoneSimulator
		Ad-Hoc|x64 = Ad-Hoc|x64
		Ad-Hoc|x86 = Ad-Hoc|x86
		AppStore|Any CPU = AppStore|Any CPU
		AppStore|ARM = AppStore|ARM
		AppStore|iPhone = AppStore|iPhone
		AppStore|iPhoneSimulator = AppStore|iPhoneSimulator
		AppStore|x64 = AppStore|x64
		AppStore|x86 = AppStore|x86
		Debug|Any CPU = Debug|Any CPU
		Debug|ARM = Debug|ARM
		Debug|iPhone = Debug|iPhone
		Debug|iPhoneSimulator = Debug|iPhoneSimulator
		Debug|x64 = Debug|x64
		Debug|x86 = Debug|x86
		Release|Any CPU = Release|Any CPU
		Release|ARM = Release|ARM
		Release|iPhone = Release|iPhone
		Release|iPhoneSimulator = Release|iPhoneSimulator
		Release|x64 = Release|x64
		Release|x86 = Release|x86
	EndGlobalSection
	GlobalSection(ProjectConfigurationPlatforms) = postSolution
		{9973B1C4-C20F-4DE0-B571-68B3B4D31968}.Ad-Hoc|Any CPU.ActiveCfg = Release|Any CPU
		{9973B1C4-C20F-4DE0-B571-68B3B4D31968}.Ad-Hoc|Any CPU.Build.0 = Release|Any CPU
		{9973B1C4-C20F-4DE0-B571-68B3B4D31968}.Ad-Hoc|ARM.ActiveCfg = Release|Any CPU
		{9973B1C4-C20F-4DE0-B571-68B3B4D31968}.Ad-Hoc|ARM.Build.0 = Release|Any CPU
		{9973B1C4-C20F-4DE0-B571-68B3B4D31968}.Ad-Hoc|iPhone.ActiveCfg = Release|Any CPU
		{9973B1C4-C20F-4DE0-B571-68B3B4D31968}.Ad-Hoc|iPhone.Build.0 = Release|Any CPU
		{9973B1C4-C20F-4DE0-B571-68B3B4D31968}.Ad-Hoc|iPhoneSimulator.ActiveCfg = Release|Any CPU
		{9973B1C4-C20F-4DE0-B571-68B3B4D31968}.Ad-Hoc|iPhoneSimulator.Build.0 = Release|Any CPU
		{9973B1C4-C20F-4DE0-B571-68B3B4D31968}.Ad-Hoc|x64.ActiveCfg = Release|Any CPU
		{9973B1C4-C20F-4DE0-B571-68B3B4D31968}.Ad-Hoc|x64.Build.0 = Release|Any CPU
		{9973B1C4-C20F-4DE0-B571-68B3B4D31968}.Ad-Hoc|x86.ActiveCfg = Release|Any CPU
		{9973B1C4-C20F-4DE0-B571-68B3B4D31968}.Ad-Hoc|x86.Build.0 = Release|Any CPU
		{9973B1C4-C20F-4DE0-B571-68B3B4D31968}.AppStore|Any CPU.ActiveCfg = Release|Any CPU
		{9973B1C4-C20F-4DE0-B571-68B3B4D31968}.AppStore|Any CPU.Build.0 = Release|Any CPU
		{9973B1C4-C20F-4DE0-B571-68B3B4D31968}.AppStore|ARM.ActiveCfg = Release|Any CPU
		{9973B1C4-C20F-4DE0-B571-68B3B4D31968}.AppStore|ARM.Build.0 = Release|Any CPU
		{9973B1C4-C20F-4DE0-B571-68B3B4D31968}.AppStore|iPhone.ActiveCfg = Release|Any CPU
		{9973B1C4-C20F-4DE0-B571-68B3B4D31968}.AppStore|iPhone.Build.0 = Release|Any CPU
		{9973B1C4-C20F-4DE0-B571-68B3B4D31968}.AppStore|iPhoneSimulator.ActiveCfg = Release|Any CPU
		{9973B1C4-C20F-4DE0-B571-68B3B4D31968}.AppStore|iPhoneSimulator.Build.0 = Release|Any CPU
		{9973B1C4-C20F-4DE0-B571-68B3B4D31968}.AppStore|x64.ActiveCfg = Release|Any CPU
		{9973B1C4-C20F-4DE0-B571-68B3B4D31968}.AppStore|x64.Build.0 = Release|Any CPU
		{9973B1C4-C20F-4DE0-B571-68B3B4D31968}.AppStore|x86.ActiveCfg = Release|Any CPU
		{9973B1C4-C20F-4DE0-B571-68B3B4D31968}.AppStore|x86.Build.0 = Release|Any CPU
		{9973B1C4-C20F-4DE0-B571-68B3B4D31968}.Debug|Any CPU.ActiveCfg = Debug|Any CPU
		{9973B1C4-C20F-4DE0-B571-68B3B4D31968}.Debug|Any CPU.Build.0 = Debug|Any CPU
		{9973B1C4-C20F-4DE0-B571-68B3B4D31968}.Debug|ARM.ActiveCfg = Debug|Any CPU
		{9973B1C4-C20F-4DE0-B571-68B3B4D31968}.Debug|ARM.Build.0 = Debug|Any CPU
		{9973B1C4-C20F-4DE0-B571-68B3B4D31968}.Debug|iPhone.ActiveCfg = Debug|Any CPU
		{9973B1C4-C20F-4DE0-B571-68B3B4D31968}.Debug|iPhone.Build.0 = Debug|Any CPU
		{9973B1C4-C20F-4DE0-B571-68B3B4D31968}.Debug|iPhoneSimulator.ActiveCfg = Debug|Any CPU
		{9973B1C4-C20F-4DE0-B571-68B3B4D31968}.Debug|iPhoneSimulator.Build.0 = Debug|Any CPU
		{9973B1C4-C20F-4DE0-B571-68B3B4D31968}.Debug|x64.ActiveCfg = Debug|Any CPU
		{9973B1C4-C20F-4DE0-B571-68B3B4D31968}.Debug|x64.Build.0 = Debug|Any CPU
		{9973B1C4-C20F-4DE0-B571-68B3B4D31968}.Debug|x86.ActiveCfg = Debug|Any CPU
		{9973B1C4-C20F-4DE0-B571-68B3B4D31968}.Debug|x86.Build.0 = Debug|Any CPU
		{9973B1C4-C20F-4DE0-B571-68B3B4D31968}.Release|Any CPU.ActiveCfg = Release|Any CPU
		{9973B1C4-C20F-4DE0-B571-68B3B4D31968}.Release|Any CPU.Build.0 = Release|Any CPU
		{9973B1C4-C20F-4DE0-B571-68B3B4D31968}.Release|ARM.ActiveCfg = Release|Any CPU
		{9973B1C4-C20F-4DE0-B571-68B3B4D31968}.Release|ARM.Build.0 = Release|Any CPU
		{9973B1C4-C20F-4DE0-B571-68B3B4D31968}.Release|iPhone.ActiveCfg = Release|Any CPU
		{9973B1C4-C20F-4DE0-B571-68B3B4D31968}.Release|iPhone.Build.0 = Release|Any CPU
		{9973B1C4-C20F-4DE0-B571-68B3B4D31968}.Release|iPhoneSimulator.ActiveCfg = Release|Any CPU
		{9973B1C4-C20F-4DE0-B571-68B3B4D31968}.Release|iPhoneSimulator.Build.0 = Release|Any CPU
		{9973B1C4-C20F-4DE0-B571-68B3B4D31968}.Release|x64.ActiveCfg = Release|Any CPU
		{9973B1C4-C20F-4DE0-B571-68B3B4D31968}.Release|x64.Build.0 = Release|Any CPU
		{9973B1C4-C20F-4DE0-B571-68B3B4D31968}.Release|x86.ActiveCfg = Release|Any CPU
		{9973B1C4-C20F-4DE0-B571-68B3B4D31968}.Release|x86.Build.0 = Release|Any CPU
		{2254F195-0E18-4257-BE1D-BB0D9E4D091D}.Ad-Hoc|Any CPU.ActiveCfg = Release|Any CPU
		{2254F195-0E18-4257-BE1D-BB0D9E4D091D}.Ad-Hoc|Any CPU.Build.0 = Release|Any CPU
		{2254F195-0E18-4257-BE1D-BB0D9E4D091D}.Ad-Hoc|Any CPU.Deploy.0 = Release|Any CPU
		{2254F195-0E18-4257-BE1D-BB0D9E4D091D}.Ad-Hoc|ARM.ActiveCfg = Release|Any CPU
		{2254F195-0E18-4257-BE1D-BB0D9E4D091D}.Ad-Hoc|ARM.Build.0 = Release|Any CPU
		{2254F195-0E18-4257-BE1D-BB0D9E4D091D}.Ad-Hoc|ARM.Deploy.0 = Release|Any CPU
		{2254F195-0E18-4257-BE1D-BB0D9E4D091D}.Ad-Hoc|iPhone.ActiveCfg = Release|Any CPU
		{2254F195-0E18-4257-BE1D-BB0D9E4D091D}.Ad-Hoc|iPhone.Build.0 = Release|Any CPU
		{2254F195-0E18-4257-BE1D-BB0D9E4D091D}.Ad-Hoc|iPhone.Deploy.0 = Release|Any CPU
		{2254F195-0E18-4257-BE1D-BB0D9E4D091D}.Ad-Hoc|iPhoneSimulator.ActiveCfg = Release|Any CPU
		{2254F195-0E18-4257-BE1D-BB0D9E4D091D}.Ad-Hoc|iPhoneSimulator.Build.0 = Release|Any CPU
		{2254F195-0E18-4257-BE1D-BB0D9E4D091D}.Ad-Hoc|iPhoneSimulator.Deploy.0 = Release|Any CPU
		{2254F195-0E18-4257-BE1D-BB0D9E4D091D}.Ad-Hoc|x64.ActiveCfg = Release|Any CPU
		{2254F195-0E18-4257-BE1D-BB0D9E4D091D}.Ad-Hoc|x64.Build.0 = Release|Any CPU
		{2254F195-0E18-4257-BE1D-BB0D9E4D091D}.Ad-Hoc|x64.Deploy.0 = Release|Any CPU
		{2254F195-0E18-4257-BE1D-BB0D9E4D091D}.Ad-Hoc|x86.ActiveCfg = Release|Any CPU
		{2254F195-0E18-4257-BE1D-BB0D9E4D091D}.Ad-Hoc|x86.Build.0 = Release|Any CPU
		{2254F195-0E18-4257-BE1D-BB0D9E4D091D}.Ad-Hoc|x86.Deploy.0 = Release|Any CPU
		{2254F195-0E18-4257-BE1D-BB0D9E4D091D}.AppStore|Any CPU.ActiveCfg = Release|Any CPU
		{2254F195-0E18-4257-BE1D-BB0D9E4D091D}.AppStore|Any CPU.Build.0 = Release|Any CPU
		{2254F195-0E18-4257-BE1D-BB0D9E4D091D}.AppStore|Any CPU.Deploy.0 = Release|Any CPU
		{2254F195-0E18-4257-BE1D-BB0D9E4D091D}.AppStore|ARM.ActiveCfg = Release|Any CPU
		{2254F195-0E18-4257-BE1D-BB0D9E4D091D}.AppStore|ARM.Build.0 = Release|Any CPU
		{2254F195-0E18-4257-BE1D-BB0D9E4D091D}.AppStore|ARM.Deploy.0 = Release|Any CPU
		{2254F195-0E18-4257-BE1D-BB0D9E4D091D}.AppStore|iPhone.ActiveCfg = Release|Any CPU
		{2254F195-0E18-4257-BE1D-BB0D9E4D091D}.AppStore|iPhone.Build.0 = Release|Any CPU
		{2254F195-0E18-4257-BE1D-BB0D9E4D091D}.AppStore|iPhone.Deploy.0 = Release|Any CPU
		{2254F195-0E18-4257-BE1D-BB0D9E4D091D}.AppStore|iPhoneSimulator.ActiveCfg = Release|Any CPU
		{2254F195-0E18-4257-BE1D-BB0D9E4D091D}.AppStore|iPhoneSimulator.Build.0 = Release|Any CPU
		{2254F195-0E18-4257-BE1D-BB0D9E4D091D}.AppStore|iPhoneSimulator.Deploy.0 = Release|Any CPU
		{2254F195-0E18-4257-BE1D-BB0D9E4D091D}.AppStore|x64.ActiveCfg = Release|Any CPU
		{2254F195-0E18-4257-BE1D-BB0D9E4D091D}.AppStore|x64.Build.0 = Release|Any CPU
		{2254F195-0E18-4257-BE1D-BB0D9E4D091D}.AppStore|x64.Deploy.0 = Release|Any CPU
		{2254F195-0E18-4257-BE1D-BB0D9E4D091D}.AppStore|x86.ActiveCfg = Release|Any CPU
		{2254F195-0E18-4257-BE1D-BB0D9E4D091D}.AppStore|x86.Build.0 = Release|Any CPU
		{2254F195-0E18-4257-BE1D-BB0D9E4D091D}.AppStore|x86.Deploy.0 = Release|Any CPU
		{2254F195-0E18-4257-BE1D-BB0D9E4D091D}.Debug|Any CPU.ActiveCfg = Debug|Any CPU
		{2254F195-0E18-4257-BE1D-BB0D9E4D091D}.Debug|Any CPU.Build.0 = Debug|Any CPU
		{2254F195-0E18-4257-BE1D-BB0D9E4D091D}.Debug|Any CPU.Deploy.0 = Debug|Any CPU
		{2254F195-0E18-4257-BE1D-BB0D9E4D091D}.Debug|ARM.ActiveCfg = Debug|Any CPU
		{2254F195-0E18-4257-BE1D-BB0D9E4D091D}.Debug|ARM.Build.0 = Debug|Any CPU
		{2254F195-0E18-4257-BE1D-BB0D9E4D091D}.Debug|ARM.Deploy.0 = Debug|Any CPU
		{2254F195-0E18-4257-BE1D-BB0D9E4D091D}.Debug|iPhone.ActiveCfg = Debug|Any CPU
		{2254F195-0E18-4257-BE1D-BB0D9E4D091D}.Debug|iPhone.Build.0 = Debug|Any CPU
		{2254F195-0E18-4257-BE1D-BB0D9E4D091D}.Debug|iPhone.Deploy.0 = Debug|Any CPU
		{2254F195-0E18-4257-BE1D-BB0D9E4D091D}.Debug|iPhoneSimulator.ActiveCfg = Debug|Any CPU
		{2254F195-0E18-4257-BE1D-BB0D9E4D091D}.Debug|iPhoneSimulator.Build.0 = Debug|Any CPU
		{2254F195-0E18-4257-BE1D-BB0D9E4D091D}.Debug|iPhoneSimulator.Deploy.0 = Debug|Any CPU
		{2254F195-0E18-4257-BE1D-BB0D9E4D091D}.Debug|x64.ActiveCfg = Debug|Any CPU
		{2254F195-0E18-4257-BE1D-BB0D9E4D091D}.Debug|x64.Build.0 = Debug|Any CPU
		{2254F195-0E18-4257-BE1D-BB0D9E4D091D}.Debug|x64.Deploy.0 = Debug|Any CPU
		{2254F195-0E18-4257-BE1D-BB0D9E4D091D}.Debug|x86.ActiveCfg = Debug|Any CPU
		{2254F195-0E18-4257-BE1D-BB0D9E4D091D}.Debug|x86.Build.0 = Debug|Any CPU
		{2254F195-0E18-4257-BE1D-BB0D9E4D091D}.Debug|x86.Deploy.0 = Debug|Any CPU
		{2254F195-0E18-4257-BE1D-BB0D9E4D091D}.Release|Any CPU.ActiveCfg = Release|Any CPU
		{2254F195-0E18-4257-BE1D-BB0D9E4D091D}.Release|Any CPU.Build.0 = Release|Any CPU
		{2254F195-0E18-4257-BE1D-BB0D9E4D091D}.Release|Any CPU.Deploy.0 = Release|Any CPU
		{2254F195-0E18-4257-BE1D-BB0D9E4D091D}.Release|ARM.ActiveCfg = Release|Any CPU
		{2254F195-0E18-4257-BE1D-BB0D9E4D091D}.Release|ARM.Build.0 = Release|Any CPU
		{2254F195-0E18-4257-BE1D-BB0D9E4D091D}.Release|ARM.Deploy.0 = Release|Any CPU
		{2254F195-0E18-4257-BE1D-BB0D9E4D091D}.Release|iPhone.ActiveCfg = Release|Any CPU
		{2254F195-0E18-4257-BE1D-BB0D9E4D091D}.Release|iPhone.Build.0 = Release|Any CPU
		{2254F195-0E18-4257-BE1D-BB0D9E4D091D}.Release|iPhone.Deploy.0 = Release|Any CPU
		{2254F195-0E18-4257-BE1D-BB0D9E4D091D}.Release|iPhoneSimulator.ActiveCfg = Release|Any CPU
		{2254F195-0E18-4257-BE1D-BB0D9E4D091D}.Release|iPhoneSimulator.Build.0 = Release|Any CPU
		{2254F195-0E18-4257-BE1D-BB0D9E4D091D}.Release|iPhoneSimulator.Deploy.0 = Release|Any CPU
		{2254F195-0E18-4257-BE1D-BB0D9E4D091D}.Release|x64.ActiveCfg = Release|Any CPU
		{2254F195-0E18-4257-BE1D-BB0D9E4D091D}.Release|x64.Build.0 = Release|Any CPU
		{2254F195-0E18-4257-BE1D-BB0D9E4D091D}.Release|x64.Deploy.0 = Release|Any CPU
		{2254F195-0E18-4257-BE1D-BB0D9E4D091D}.Release|x86.ActiveCfg = Release|Any CPU
		{2254F195-0E18-4257-BE1D-BB0D9E4D091D}.Release|x86.Build.0 = Release|Any CPU
		{2254F195-0E18-4257-BE1D-BB0D9E4D091D}.Release|x86.Deploy.0 = Release|Any CPU
		{4E3D7DBD-E2E6-4A2F-B6C7-02ED2EBEA389}.Ad-Hoc|Any CPU.ActiveCfg = Ad-Hoc|iPhone
		{4E3D7DBD-E2E6-4A2F-B6C7-02ED2EBEA389}.Ad-Hoc|ARM.ActiveCfg = Ad-Hoc|iPhone
		{4E3D7DBD-E2E6-4A2F-B6C7-02ED2EBEA389}.Ad-Hoc|iPhone.ActiveCfg = Ad-Hoc|iPhone
		{4E3D7DBD-E2E6-4A2F-B6C7-02ED2EBEA389}.Ad-Hoc|iPhone.Build.0 = Ad-Hoc|iPhone
		{4E3D7DBD-E2E6-4A2F-B6C7-02ED2EBEA389}.Ad-Hoc|iPhoneSimulator.ActiveCfg = Ad-Hoc|iPhoneSimulator
		{4E3D7DBD-E2E6-4A2F-B6C7-02ED2EBEA389}.Ad-Hoc|iPhoneSimulator.Build.0 = Ad-Hoc|iPhoneSimulator
		{4E3D7DBD-E2E6-4A2F-B6C7-02ED2EBEA389}.Ad-Hoc|x64.ActiveCfg = Ad-Hoc|iPhone
		{4E3D7DBD-E2E6-4A2F-B6C7-02ED2EBEA389}.Ad-Hoc|x86.ActiveCfg = Ad-Hoc|iPhone
		{4E3D7DBD-E2E6-4A2F-B6C7-02ED2EBEA389}.AppStore|Any CPU.ActiveCfg = AppStore|iPhone
		{4E3D7DBD-E2E6-4A2F-B6C7-02ED2EBEA389}.AppStore|ARM.ActiveCfg = AppStore|iPhone
		{4E3D7DBD-E2E6-4A2F-B6C7-02ED2EBEA389}.AppStore|iPhone.ActiveCfg = AppStore|iPhone
		{4E3D7DBD-E2E6-4A2F-B6C7-02ED2EBEA389}.AppStore|iPhone.Build.0 = AppStore|iPhone
		{4E3D7DBD-E2E6-4A2F-B6C7-02ED2EBEA389}.AppStore|iPhoneSimulator.ActiveCfg = AppStore|iPhoneSimulator
		{4E3D7DBD-E2E6-4A2F-B6C7-02ED2EBEA389}.AppStore|iPhoneSimulator.Build.0 = AppStore|iPhoneSimulator
		{4E3D7DBD-E2E6-4A2F-B6C7-02ED2EBEA389}.AppStore|x64.ActiveCfg = AppStore|iPhone
		{4E3D7DBD-E2E6-4A2F-B6C7-02ED2EBEA389}.AppStore|x86.ActiveCfg = AppStore|iPhone
		{4E3D7DBD-E2E6-4A2F-B6C7-02ED2EBEA389}.Debug|Any CPU.ActiveCfg = Debug|iPhone
		{4E3D7DBD-E2E6-4A2F-B6C7-02ED2EBEA389}.Debug|ARM.ActiveCfg = Debug|iPhone
		{4E3D7DBD-E2E6-4A2F-B6C7-02ED2EBEA389}.Debug|iPhone.ActiveCfg = Debug|iPhone
		{4E3D7DBD-E2E6-4A2F-B6C7-02ED2EBEA389}.Debug|iPhone.Build.0 = Debug|iPhone
		{4E3D7DBD-E2E6-4A2F-B6C7-02ED2EBEA389}.Debug|iPhoneSimulator.ActiveCfg = Debug|iPhoneSimulator
		{4E3D7DBD-E2E6-4A2F-B6C7-02ED2EBEA389}.Debug|iPhoneSimulator.Build.0 = Debug|iPhoneSimulator
		{4E3D7DBD-E2E6-4A2F-B6C7-02ED2EBEA389}.Debug|x64.ActiveCfg = Debug|iPhone
		{4E3D7DBD-E2E6-4A2F-B6C7-02ED2EBEA389}.Debug|x86.ActiveCfg = Debug|iPhone
		{4E3D7DBD-E2E6-4A2F-B6C7-02ED2EBEA389}.Release|Any CPU.ActiveCfg = Release|iPhone
		{4E3D7DBD-E2E6-4A2F-B6C7-02ED2EBEA389}.Release|ARM.ActiveCfg = Release|iPhone
		{4E3D7DBD-E2E6-4A2F-B6C7-02ED2EBEA389}.Release|iPhone.ActiveCfg = Release|iPhone
		{4E3D7DBD-E2E6-4A2F-B6C7-02ED2EBEA389}.Release|iPhone.Build.0 = Release|iPhone
		{4E3D7DBD-E2E6-4A2F-B6C7-02ED2EBEA389}.Release|iPhoneSimulator.ActiveCfg = Release|iPhoneSimulator
		{4E3D7DBD-E2E6-4A2F-B6C7-02ED2EBEA389}.Release|iPhoneSimulator.Build.0 = Release|iPhoneSimulator
		{4E3D7DBD-E2E6-4A2F-B6C7-02ED2EBEA389}.Release|x64.ActiveCfg = Release|iPhone
		{4E3D7DBD-E2E6-4A2F-B6C7-02ED2EBEA389}.Release|x86.ActiveCfg = Release|iPhone
		{1F9B0D4A-A87C-48CB-85A2-6752029EDDA7}.Ad-Hoc|Any CPU.ActiveCfg = Release|x86
		{1F9B0D4A-A87C-48CB-85A2-6752029EDDA7}.Ad-Hoc|Any CPU.Build.0 = Release|x86
		{1F9B0D4A-A87C-48CB-85A2-6752029EDDA7}.Ad-Hoc|Any CPU.Deploy.0 = Release|x86
		{1F9B0D4A-A87C-48CB-85A2-6752029EDDA7}.Ad-Hoc|ARM.ActiveCfg = Release|ARM
		{1F9B0D4A-A87C-48CB-85A2-6752029EDDA7}.Ad-Hoc|ARM.Build.0 = Release|ARM
		{1F9B0D4A-A87C-48CB-85A2-6752029EDDA7}.Ad-Hoc|ARM.Deploy.0 = Release|ARM
		{1F9B0D4A-A87C-48CB-85A2-6752029EDDA7}.Ad-Hoc|iPhone.ActiveCfg = Release|x86
		{1F9B0D4A-A87C-48CB-85A2-6752029EDDA7}.Ad-Hoc|iPhone.Build.0 = Release|x86
		{1F9B0D4A-A87C-48CB-85A2-6752029EDDA7}.Ad-Hoc|iPhone.Deploy.0 = Release|x86
		{1F9B0D4A-A87C-48CB-85A2-6752029EDDA7}.Ad-Hoc|iPhoneSimulator.ActiveCfg = Release|x86
		{1F9B0D4A-A87C-48CB-85A2-6752029EDDA7}.Ad-Hoc|iPhoneSimulator.Build.0 = Release|x86
		{1F9B0D4A-A87C-48CB-85A2-6752029EDDA7}.Ad-Hoc|iPhoneSimulator.Deploy.0 = Release|x86
		{1F9B0D4A-A87C-48CB-85A2-6752029EDDA7}.Ad-Hoc|x64.ActiveCfg = Release|x64
		{1F9B0D4A-A87C-48CB-85A2-6752029EDDA7}.Ad-Hoc|x64.Build.0 = Release|x64
		{1F9B0D4A-A87C-48CB-85A2-6752029EDDA7}.Ad-Hoc|x64.Deploy.0 = Release|x64
		{1F9B0D4A-A87C-48CB-85A2-6752029EDDA7}.Ad-Hoc|x86.ActiveCfg = Release|x86
		{1F9B0D4A-A87C-48CB-85A2-6752029EDDA7}.Ad-Hoc|x86.Build.0 = Release|x86
		{1F9B0D4A-A87C-48CB-85A2-6752029EDDA7}.Ad-Hoc|x86.Deploy.0 = Release|x86
		{1F9B0D4A-A87C-48CB-85A2-6752029EDDA7}.AppStore|Any CPU.ActiveCfg = Release|x86
		{1F9B0D4A-A87C-48CB-85A2-6752029EDDA7}.AppStore|Any CPU.Build.0 = Release|x86
		{1F9B0D4A-A87C-48CB-85A2-6752029EDDA7}.AppStore|Any CPU.Deploy.0 = Release|x86
		{1F9B0D4A-A87C-48CB-85A2-6752029EDDA7}.AppStore|ARM.ActiveCfg = Release|ARM
		{1F9B0D4A-A87C-48CB-85A2-6752029EDDA7}.AppStore|ARM.Build.0 = Release|ARM
		{1F9B0D4A-A87C-48CB-85A2-6752029EDDA7}.AppStore|ARM.Deploy.0 = Release|ARM
		{1F9B0D4A-A87C-48CB-85A2-6752029EDDA7}.AppStore|iPhone.ActiveCfg = Release|x86
		{1F9B0D4A-A87C-48CB-85A2-6752029EDDA7}.AppStore|iPhone.Build.0 = Release|x86
		{1F9B0D4A-A87C-48CB-85A2-6752029EDDA7}.AppStore|iPhone.Deploy.0 = Release|x86
		{1F9B0D4A-A87C-48CB-85A2-6752029EDDA7}.AppStore|iPhoneSimulator.ActiveCfg = Release|x86
		{1F9B0D4A-A87C-48CB-85A2-6752029EDDA7}.AppStore|iPhoneSimulator.Build.0 = Release|x86
		{1F9B0D4A-A87C-48CB-85A2-6752029EDDA7}.AppStore|iPhoneSimulator.Deploy.0 = Release|x86
		{1F9B0D4A-A87C-48CB-85A2-6752029EDDA7}.AppStore|x64.ActiveCfg = Release|x64
		{1F9B0D4A-A87C-48CB-85A2-6752029EDDA7}.AppStore|x64.Build.0 = Release|x64
		{1F9B0D4A-A87C-48CB-85A2-6752029EDDA7}.AppStore|x64.Deploy.0 = Release|x64
		{1F9B0D4A-A87C-48CB-85A2-6752029EDDA7}.AppStore|x86.ActiveCfg = Release|x86
		{1F9B0D4A-A87C-48CB-85A2-6752029EDDA7}.AppStore|x86.Build.0 = Release|x86
		{1F9B0D4A-A87C-48CB-85A2-6752029EDDA7}.AppStore|x86.Deploy.0 = Release|x86
		{1F9B0D4A-A87C-48CB-85A2-6752029EDDA7}.Debug|Any CPU.ActiveCfg = Debug|x86
		{1F9B0D4A-A87C-48CB-85A2-6752029EDDA7}.Debug|ARM.ActiveCfg = Debug|ARM
		{1F9B0D4A-A87C-48CB-85A2-6752029EDDA7}.Debug|ARM.Build.0 = Debug|ARM
		{1F9B0D4A-A87C-48CB-85A2-6752029EDDA7}.Debug|ARM.Deploy.0 = Debug|ARM
		{1F9B0D4A-A87C-48CB-85A2-6752029EDDA7}.Debug|iPhone.ActiveCfg = Debug|x86
		{1F9B0D4A-A87C-48CB-85A2-6752029EDDA7}.Debug|iPhoneSimulator.ActiveCfg = Debug|x86
		{1F9B0D4A-A87C-48CB-85A2-6752029EDDA7}.Debug|x64.ActiveCfg = Debug|x64
		{1F9B0D4A-A87C-48CB-85A2-6752029EDDA7}.Debug|x64.Build.0 = Debug|x64
		{1F9B0D4A-A87C-48CB-85A2-6752029EDDA7}.Debug|x64.Deploy.0 = Debug|x64
		{1F9B0D4A-A87C-48CB-85A2-6752029EDDA7}.Debug|x86.ActiveCfg = Debug|x86
		{1F9B0D4A-A87C-48CB-85A2-6752029EDDA7}.Debug|x86.Build.0 = Debug|x86
		{1F9B0D4A-A87C-48CB-85A2-6752029EDDA7}.Debug|x86.Deploy.0 = Debug|x86
		{1F9B0D4A-A87C-48CB-85A2-6752029EDDA7}.Release|Any CPU.ActiveCfg = Release|x86
		{1F9B0D4A-A87C-48CB-85A2-6752029EDDA7}.Release|ARM.ActiveCfg = Release|ARM
		{1F9B0D4A-A87C-48CB-85A2-6752029EDDA7}.Release|ARM.Build.0 = Release|ARM
		{1F9B0D4A-A87C-48CB-85A2-6752029EDDA7}.Release|ARM.Deploy.0 = Release|ARM
		{1F9B0D4A-A87C-48CB-85A2-6752029EDDA7}.Release|iPhone.ActiveCfg = Release|x86
		{1F9B0D4A-A87C-48CB-85A2-6752029EDDA7}.Release|iPhoneSimulator.ActiveCfg = Release|x86
		{1F9B0D4A-A87C-48CB-85A2-6752029EDDA7}.Release|x64.ActiveCfg = Release|x64
		{1F9B0D4A-A87C-48CB-85A2-6752029EDDA7}.Release|x64.Build.0 = Release|x64
		{1F9B0D4A-A87C-48CB-85A2-6752029EDDA7}.Release|x64.Deploy.0 = Release|x64
		{1F9B0D4A-A87C-48CB-85A2-6752029EDDA7}.Release|x86.ActiveCfg = Release|x86
		{1F9B0D4A-A87C-48CB-85A2-6752029EDDA7}.Release|x86.Build.0 = Release|x86
		{1F9B0D4A-A87C-48CB-85A2-6752029EDDA7}.Release|x86.Deploy.0 = Release|x86
	EndGlobalSection
	GlobalSection(SolutionProperties) = preSolution
		HideSolutionNode = FALSE
	EndGlobalSection
EndGlobal
